
Microsoft Visual Studio Solution File, Format Version 12.00
# Visual Studio 14
VisualStudioVersion = 14.0.24720.0
MinimumVisualStudioVersion = 10.0.40219.1
Project("{FAE04EC0-301F-11D3-BF4B-00C04F79EFBC}") = "ConsoleApplication7", "ConsoleApplication7\ConsoleApplication7.csproj", "{126E482C-149A-4BE8-A503-51D8533F0ADD}"
EndProject
Global
	GlobalSection(SolutionConfigurationPlatforms) = preSolution
		Debug|Any CPU = Debug|Any CPU
		Release|Any CPU = Release|Any CPU
	EndGlobalSection
	GlobalSection(ProjectConfigurationPlatforms) = postSolution
		{126E482C-149A-4BE8-A503-51D8533F0ADD}.Debug|Any CPU.ActiveCfg = Debug|Any CPU
		{126E482C-149A-4BE8-A503-51D8533F0ADD}.Debug|Any CPU.Build.0 = Debug|Any CPU
		{126E482C-149A-4BE8-A503-51D8533F0ADD}.Release|Any CPU.ActiveCfg = Release|Any CPU
		{126E482C-149A-4BE8-A503-51D8533F0ADD}.Release|Any CPU.Build.0 = Release|Any CPU
	EndGlobalSection
	GlobalSection(SolutionProperties) = preSolution
		HideSolutionNode = FALSE
	EndGlobalSection
EndGlobal
